
Microsoft Visual Studio Solution File, Format Version 12.00
# Visual Studio Version 16
VisualStudioVersion = 16.0.31205.134
MinimumVisualStudioVersion = 10.0.40219.1
Project("{8BC9CEB8-8B4A-11D0-8D11-00A0C91BC942}") = "ThreadpoolDemo", "ThreadpoolDemo.vcxproj", "{43B3C00D-1681-4479-A2A3-9176D6DD369C}"
EndProject
Global
	GlobalSection(SolutionConfigurationPlatforms) = preSolution
		Debug|x86 = Debug|x86
		Release|x86 = Release|x86
	EndGlobalSection
	GlobalSection(ProjectConfigurationPlatforms) = postSolution
		{43B3C00D-1681-4479-A2A3-9176D6DD369C}.Debug|x86.ActiveCfg = Debug|Win32
		{43B3C00D-1681-4479-A2A3-9176D6DD369C}.Debug|x86.Build.0 = Debug|Win32
		{43B3C00D-1681-4479-A2A3-9176D6DD369C}.Release|x86.ActiveCfg = Release|Win32
		{43B3C00D-1681-4479-A2A3-9176D6DD369C}.Release|x86.Build.0 = Release|Win32
	EndGlobalSection
	GlobalSection(SolutionProperties) = preSolution
		HideSolutionNode = FALSE
	EndGlobalSection
	GlobalSection(ExtensibilityGlobals) = postSolution
		SolutionGuid = {447F7643-1264-42D3-96EC-0E9EBAF27ABE}
	EndGlobalSection
EndGlobal
